// !$*UTF8*$!
{
	archiveVersion = 1;
	classes = {
	};
	objectVersion = 50;
	objects = {

/* Begin PBXBuildFile section */
		FA39FE8A2430585900E7045C /* Config.swift in Sources */ = {isa = PBXBuildFile; fileRef = FA39FE892430585900E7045C /* Config.swift */; };
		FA39FE8E24305A4800E7045C /* APIManager.swift in Sources */ = {isa = PBXBuildFile; fileRef = FA39FE8D24305A4800E7045C /* APIManager.swift */; };
		FA39FE9024307BA300E7045C /* DataManager.swift in Sources */ = {isa = PBXBuildFile; fileRef = FA39FE8F24307BA300E7045C /* DataManager.swift */; };
		FA39FE9224307C1400E7045C /* Modal.swift in Sources */ = {isa = PBXBuildFile; fileRef = FA39FE9124307C1400E7045C /* Modal.swift */; };
		FA39FE9424307DAB00E7045C /* Utils.swift in Sources */ = {isa = PBXBuildFile; fileRef = FA39FE9324307DAB00E7045C /* Utils.swift */; };
		FA39FE962430864300E7045C /* ImageSearchViewModal.swift in Sources */ = {isa = PBXBuildFile; fileRef = FA39FE952430864300E7045C /* ImageSearchViewModal.swift */; };
		FA39FE992430F32B00E7045C /* ImageTableViewCell.swift in Sources */ = {isa = PBXBuildFile; fileRef = FA39FE982430F32B00E7045C /* ImageTableViewCell.swift */; };
		FA39FE9B2430F49000E7045C /* ImageCellViewModal.swift in Sources */ = {isa = PBXBuildFile; fileRef = FA39FE9A2430F49000E7045C /* ImageCellViewModal.swift */; };
		FA39FE9D2430F7CE00E7045C /* Box.swift in Sources */ = {isa = PBXBuildFile; fileRef = FA39FE9C2430F7CE00E7045C /* Box.swift */; };
		FAEB741024303E7100737875 /* AppDelegate.swift in Sources */ = {isa = PBXBuildFile; fileRef = FAEB740F24303E7100737875 /* AppDelegate.swift */; };
		FAEB741224303E7100737875 /* SceneDelegate.swift in Sources */ = {isa = PBXBuildFile; fileRef = FAEB741124303E7100737875 /* SceneDelegate.swift */; };
		FAEB741424303E7100737875 /* ImageSearchViewController.swift in Sources */ = {isa = PBXBuildFile; fileRef = FAEB741324303E7100737875 /* ImageSearchViewController.swift */; };
		FAEB741624303E7100737875 /* WebSearchViewController.swift in Sources */ = {isa = PBXBuildFile; fileRef = FAEB741524303E7100737875 /* WebSearchViewController.swift */; };
		FAEB741924303E7100737875 /* Main.storyboard in Resources */ = {isa = PBXBuildFile; fileRef = FAEB741724303E7100737875 /* Main.storyboard */; };
		FAEB741B24303E7200737875 /* Assets.xcassets in Resources */ = {isa = PBXBuildFile; fileRef = FAEB741A24303E7200737875 /* Assets.xcassets */; };
		FAEB741E24303E7200737875 /* LaunchScreen.storyboard in Resources */ = {isa = PBXBuildFile; fileRef = FAEB741C24303E7200737875 /* LaunchScreen.storyboard */; };
		FAEB742924303E7300737875 /* ImageSearchAppTests.swift in Sources */ = {isa = PBXBuildFile; fileRef = FAEB742824303E7300737875 /* ImageSearchAppTests.swift */; };
/* End PBXBuildFile section */

/* Begin PBXContainerItemProxy section */
		FAEB742524303E7300737875 /* PBXContainerItemProxy */ = {
			isa = PBXContainerItemProxy;
			containerPortal = FAEB740424303E7100737875 /* Project object */;
			proxyType = 1;
			remoteGlobalIDString = FAEB740B24303E7100737875;
			remoteInfo = ImageSearchApp;
		};
/* End PBXContainerItemProxy section */

/* Begin PBXFileReference section */
		FA39FE892430585900E7045C /* Config.swift */ = {isa = PBXFileReference; lastKnownFileType = sourcecode.swift; path = Config.swift; sourceTree = "<group>"; };
		FA39FE8D24305A4800E7045C /* APIManager.swift */ = {isa = PBXFileReference; lastKnownFileType = sourcecode.swift; path = APIManager.swift; sourceTree = "<group>"; };
		FA39FE8F24307BA300E7045C /* DataManager.swift */ = {isa = PBXFileReference; lastKnownFileType = sourcecode.swift; path = DataManager.swift; sourceTree = "<group>"; };
		FA39FE9124307C1400E7045C /* Modal.swift */ = {isa = PBXFileReference; lastKnownFileType = sourcecode.swift; path = Modal.swift; sourceTree = "<group>"; };
		FA39FE9324307DAB00E7045C /* Utils.swift */ = {isa = PBXFileReference; lastKnownFileType = sourcecode.swift; path = Utils.swift; sourceTree = "<group>"; };
		FA39FE952430864300E7045C /* ImageSearchViewModal.swift */ = {isa = PBXFileReference; lastKnownFileType = sourcecode.swift; path = ImageSearchViewModal.swift; sourceTree = "<group>"; };
		FA39FE982430F32B00E7045C /* ImageTableViewCell.swift */ = {isa = PBXFileReference; lastKnownFileType = sourcecode.swift; path = ImageTableViewCell.swift; sourceTree = "<group>"; };
		FA39FE9A2430F49000E7045C /* ImageCellViewModal.swift */ = {isa = PBXFileReference; lastKnownFileType = sourcecode.swift; path = ImageCellViewModal.swift; sourceTree = "<group>"; };
		FA39FE9C2430F7CE00E7045C /* Box.swift */ = {isa = PBXFileReference; lastKnownFileType = sourcecode.swift; path = Box.swift; sourceTree = "<group>"; };
		FAEB740C24303E7100737875 /* ImageSearchApp.app */ = {isa = PBXFileReference; explicitFileType = wrapper.application; includeInIndex = 0; path = ImageSearchApp.app; sourceTree = BUILT_PRODUCTS_DIR; };
		FAEB740F24303E7100737875 /* AppDelegate.swift */ = {isa = PBXFileReference; lastKnownFileType = sourcecode.swift; path = AppDelegate.swift; sourceTree = "<group>"; };
		FAEB741124303E7100737875 /* SceneDelegate.swift */ = {isa = PBXFileReference; lastKnownFileType = sourcecode.swift; path = SceneDelegate.swift; sourceTree = "<group>"; };
		FAEB741324303E7100737875 /* ImageSearchViewController.swift */ = {isa = PBXFileReference; lastKnownFileType = sourcecode.swift; path = ImageSearchViewController.swift; sourceTree = "<group>"; };
		FAEB741524303E7100737875 /* WebSearchViewController.swift */ = {isa = PBXFileReference; lastKnownFileType = sourcecode.swift; path = WebSearchViewController.swift; sourceTree = "<group>"; };
		FAEB741824303E7100737875 /* Base */ = {isa = PBXFileReference; lastKnownFileType = file.storyboard; name = Base; path = Base.lproj/Main.storyboard; sourceTree = "<group>"; };
		FAEB741A24303E7200737875 /* Assets.xcassets */ = {isa = PBXFileReference; lastKnownFileType = folder.assetcatalog; path = Assets.xcassets; sourceTree = "<group>"; };
		FAEB741D24303E7200737875 /* Base */ = {isa = PBXFileReference; lastKnownFileType = file.storyboard; name = Base; path = Base.lproj/LaunchScreen.storyboard; sourceTree = "<group>"; };
		FAEB741F24303E7200737875 /* Info.plist */ = {isa = PBXFileReference; lastKnownFileType = text.plist.xml; path = Info.plist; sourceTree = "<group>"; };
		FAEB742424303E7300737875 /* ImageSearchAppTests.xctest */ = {isa = PBXFileReference; explicitFileType = wrapper.cfbundle; includeInIndex = 0; path = ImageSearchAppTests.xctest; sourceTree = BUILT_PRODUCTS_DIR; };
		FAEB742824303E7300737875 /* ImageSearchAppTests.swift */ = {isa = PBXFileReference; lastKnownFileType = sourcecode.swift; path = ImageSearchAppTests.swift; sourceTree = "<group>"; };
		FAEB742A24303E7300737875 /* Info.plist */ = {isa = PBXFileReference; lastKnownFileType = text.plist.xml; path = Info.plist; sourceTree = "<group>"; };
/* End PBXFileReference section */

/* Begin PBXFrameworksBuildPhase section */
		FAEB740924303E7100737875 /* Frameworks */ = {
			isa = PBXFrameworksBuildPhase;
			buildActionMask = 2147483647;
			files = (
			);
			runOnlyForDeploymentPostprocessing = 0;
		};
		FAEB742124303E7300737875 /* Frameworks */ = {
			isa = PBXFrameworksBuildPhase;
			buildActionMask = 2147483647;
			files = (
			);
			runOnlyForDeploymentPostprocessing = 0;
		};
/* End PBXFrameworksBuildPhase section */

/* Begin PBXGroup section */
		FA39FE972430F15700E7045C /* Cell */ = {
			isa = PBXGroup;
			children = (
				FA39FE982430F32B00E7045C /* ImageTableViewCell.swift */,
				FA39FE9A2430F49000E7045C /* ImageCellViewModal.swift */,
			);
			path = Cell;
			sourceTree = "<group>";
		};
		FAEB740324303E7100737875 = {
			isa = PBXGroup;
			children = (
				FAEB740E24303E7100737875 /* ImageSearchApp */,
				FAEB742724303E7300737875 /* ImageSearchAppTests */,
				FAEB740D24303E7100737875 /* Products */,
			);
			sourceTree = "<group>";
		};
		FAEB740D24303E7100737875 /* Products */ = {
			isa = PBXGroup;
			children = (
				FAEB740C24303E7100737875 /* ImageSearchApp.app */,
				FAEB742424303E7300737875 /* ImageSearchAppTests.xctest */,
			);
			name = Products;
			sourceTree = "<group>";
		};
		FAEB740E24303E7100737875 /* ImageSearchApp */ = {
			isa = PBXGroup;
			children = (
				FA39FE892430585900E7045C /* Config.swift */,
				FA39FE8F24307BA300E7045C /* DataManager.swift */,
				FA39FE8D24305A4800E7045C /* APIManager.swift */,
				FA39FE9124307C1400E7045C /* Modal.swift */,
				FAEB743324303EA900737875 /* Image Search */,
				FAEB743424303EB600737875 /* Web Search */,
				FAEB740F24303E7100737875 /* AppDelegate.swift */,
				FAEB741124303E7100737875 /* SceneDelegate.swift */,
				FAEB741724303E7100737875 /* Main.storyboard */,
				FAEB741A24303E7200737875 /* Assets.xcassets */,
				FAEB741C24303E7200737875 /* LaunchScreen.storyboard */,
				FAEB741F24303E7200737875 /* Info.plist */,
				FA39FE9324307DAB00E7045C /* Utils.swift */,
				FA39FE9C2430F7CE00E7045C /* Box.swift */,
			);
			path = ImageSearchApp;
			sourceTree = "<group>";
		};
		FAEB742724303E7300737875 /* ImageSearchAppTests */ = {
			isa = PBXGroup;
			children = (
				FAEB742824303E7300737875 /* ImageSearchAppTests.swift */,
				FAEB742A24303E7300737875 /* Info.plist */,
			);
			path = ImageSearchAppTests;
			sourceTree = "<group>";
		};
		FAEB743324303EA900737875 /* Image Search */ = {
			isa = PBXGroup;
			children = (
				FA39FE972430F15700E7045C /* Cell */,
				FA39FE952430864300E7045C /* ImageSearchViewModal.swift */,
				FAEB741324303E7100737875 /* ImageSearchViewController.swift */,
			);
			path = "Image Search";
			sourceTree = "<group>";
		};
		FAEB743424303EB600737875 /* Web Search */ = {
			isa = PBXGroup;
			children = (
				FAEB741524303E7100737875 /* WebSearchViewController.swift */,
			);
			path = "Web Search";
			sourceTree = "<group>";
		};
/* End PBXGroup section */

/* Begin PBXNativeTarget section */
		FAEB740B24303E7100737875 /* ImageSearchApp */ = {
			isa = PBXNativeTarget;
			buildConfigurationList = FAEB742D24303E7300737875 /* Build configuration list for PBXNativeTarget "ImageSearchApp" */;
			buildPhases = (
				FAEB740824303E7100737875 /* Sources */,
				FAEB740924303E7100737875 /* Frameworks */,
				FAEB740A24303E7100737875 /* Resources */,
			);
			buildRules = (
			);
			dependencies = (
			);
			name = ImageSearchApp;
			productName = ImageSearchApp;
			productReference = FAEB740C24303E7100737875 /* ImageSearchApp.app */;
			productType = "com.apple.product-type.application";
		};
		FAEB742324303E7300737875 /* ImageSearchAppTests */ = {
			isa = PBXNativeTarget;
			buildConfigurationList = FAEB743024303E7300737875 /* Build configuration list for PBXNativeTarget "ImageSearchAppTests" */;
			buildPhases = (
				FAEB742024303E7300737875 /* Sources */,
				FAEB742124303E7300737875 /* Frameworks */,
				FAEB742224303E7300737875 /* Resources */,
			);
			buildRules = (
			);
			dependencies = (
				FAEB742624303E7300737875 /* PBXTargetDependency */,
			);
			name = ImageSearchAppTests;
			productName = ImageSearchAppTests;
			productReference = FAEB742424303E7300737875 /* ImageSearchAppTests.xctest */;
			productType = "com.apple.product-type.bundle.unit-test";
		};
/* End PBXNativeTarget section */

/* Begin PBXProject section */
		FAEB740424303E7100737875 /* Project object */ = {
			isa = PBXProject;
			attributes = {
				LastSwiftUpdateCheck = 1130;
				LastUpgradeCheck = 1130;
				ORGANIZATIONNAME = nadun.eranga.baduge;
				TargetAttributes = {
					FAEB740B24303E7100737875 = {
						CreatedOnToolsVersion = 11.3.1;
					};
					FAEB742324303E7300737875 = {
						CreatedOnToolsVersion = 11.3.1;
						TestTargetID = FAEB740B24303E7100737875;
					};
				};
			};
			buildConfigurationList = FAEB740724303E7100737875 /* Build configuration list for PBXProject "ImageSearchApp" */;
			compatibilityVersion = "Xcode 9.3";
			developmentRegion = en;
			hasScannedForEncodings = 0;
			knownRegions = (
				en,
				Base,
			);
			mainGroup = FAEB740324303E7100737875;
			productRefGroup = FAEB740D24303E7100737875 /* Products */;
			projectDirPath = "";
			projectRoot = "";
			targets = (
				FAEB740B24303E7100737875 /* ImageSearchApp */,
				FAEB742324303E7300737875 /* ImageSearchAppTests */,
			);
		};
/* End PBXProject section */

/* Begin PBXResourcesBuildPhase section */
		FAEB740A24303E7100737875 /* Resources */ = {
			isa = PBXResourcesBuildPhase;
			buildActionMask = 2147483647;
			files = (
				FAEB741E24303E7200737875 /* LaunchScreen.storyboard in Resources */,
				FAEB741B24303E7200737875 /* Assets.xcassets in Resources */,
				FAEB741924303E7100737875 /* Main.storyboard in Resources */,
			);
			runOnlyForDeploymentPostprocessing = 0;
		};
		FAEB742224303E7300737875 /* Resources */ = {
			isa = PBXResourcesBuildPhase;
			buildActionMask = 2147483647;
			files = (
			);
			runOnlyForDeploymentPostprocessing = 0;
		};
/* End PBXResourcesBuildPhase section */

/* Begin PBXSourcesBuildPhase section */
		FAEB740824303E7100737875 /* Sources */ = {
			isa = PBXSourcesBuildPhase;
			buildActionMask = 2147483647;
			files = (
				FAEB741624303E7100737875 /* WebSearchViewController.swift in Sources */,
				FA39FE9D2430F7CE00E7045C /* Box.swift in Sources */,
				FA39FE9024307BA300E7045C /* DataManager.swift in Sources */,
				FAEB741424303E7100737875 /* ImageSearchViewController.swift in Sources */,
				FA39FE9B2430F49000E7045C /* ImageCellViewModal.swift in Sources */,
				FA39FE962430864300E7045C /* ImageSearchViewModal.swift in Sources */,
				FA39FE8A2430585900E7045C /* Config.swift in Sources */,
				FAEB741024303E7100737875 /* AppDelegate.swift in Sources */,
				FA39FE992430F32B00E7045C /* ImageTableViewCell.swift in Sources */,
				FA39FE9424307DAB00E7045C /* Utils.swift in Sources */,
				FAEB741224303E7100737875 /* SceneDelegate.swift in Sources */,
				FA39FE9224307C1400E7045C /* Modal.swift in Sources */,
				FA39FE8E24305A4800E7045C /* APIManager.swift in Sources */,
			);
			runOnlyForDeploymentPostprocessing = 0;
		};
		FAEB742024303E7300737875 /* Sources */ = {
			isa = PBXSourcesBuildPhase;
			buildActionMask = 2147483647;
			files = (
				FAEB742924303E7300737875 /* ImageSearchAppTests.swift in Sources */,
			);
			runOnlyForDeploymentPostprocessing = 0;
		};
/* End PBXSourcesBuildPhase section */

/* Begin PBXTargetDependency section */
		FAEB742624303E7300737875 /* PBXTargetDependency */ = {
			isa = PBXTargetDependency;
			target = FAEB740B24303E7100737875 /* ImageSearchApp */;
			targetProxy = FAEB742524303E7300737875 /* PBXContainerItemProxy */;
		};
/* End PBXTargetDependency section */

/* Begin PBXVariantGroup section */
		FAEB741724303E7100737875 /* Main.storyboard */ = {
			isa = PBXVariantGroup;
			children = (
				FAEB741824303E7100737875 /* Base */,
			);
			name = Main.storyboard;
			sourceTree = "<group>";
		};
		FAEB741C24303E7200737875 /* LaunchScreen.storyboard */ = {
			isa = PBXVariantGroup;
			children = (
				FAEB741D24303E7200737875 /* Base */,
			);
			name = LaunchScreen.storyboard;
			sourceTree = "<group>";
		};
/* End PBXVariantGroup section */

/* Begin XCBuildConfiguration section */
		FAEB742B24303E7300737875 /* Debug */ = {
			isa = XCBuildConfiguration;
			buildSettings = {
				ALWAYS_SEARCH_USER_PATHS = NO;
				CLANG_ANALYZER_NONNULL = YES;
				CLANG_ANALYZER_NUMBER_OBJECT_CONVERSION = YES_AGGRESSIVE;
				CLANG_CXX_LANGUAGE_STANDARD = "gnu++14";
				CLANG_CXX_LIBRARY = "libc++";
				CLANG_ENABLE_MODULES = YES;
				CLANG_ENABLE_OBJC_ARC = YES;
				CLANG_ENABLE_OBJC_WEAK = YES;
				CLANG_WARN_BLOCK_CAPTURE_AUTORELEASING = YES;
				CLANG_WARN_BOOL_CONVERSION = YES;
				CLANG_WARN_COMMA = YES;
				CLANG_WARN_CONSTANT_CONVERSION = YES;
				CLANG_WARN_DEPRECATED_OBJC_IMPLEMENTATIONS = YES;
				CLANG_WARN_DIRECT_OBJC_ISA_USAGE = YES_ERROR;
				CLANG_WARN_DOCUMENTATION_COMMENTS = YES;
				CLANG_WARN_EMPTY_BODY = YES;
				CLANG_WARN_ENUM_CONVERSION = YES;
				CLANG_WARN_INFINITE_RECURSION = YES;
				CLANG_WARN_INT_CONVERSION = YES;
				CLANG_WARN_NON_LITERAL_NULL_CONVERSION = YES;
				CLANG_WARN_OBJC_IMPLICIT_RETAIN_SELF = YES;
				CLANG_WARN_OBJC_LITERAL_CONVERSION = YES;
				CLANG_WARN_OBJC_ROOT_CLASS = YES_ERROR;
				CLANG_WARN_RANGE_LOOP_ANALYSIS = YES;
				CLANG_WARN_STRICT_PROTOTYPES = YES;
				CLANG_WARN_SUSPICIOUS_MOVE = YES;
				CLANG_WARN_UNGUARDED_AVAILABILITY = YES_AGGRESSIVE;
				CLANG_WARN_UNREACHABLE_CODE = YES;
				CLANG_WARN__DUPLICATE_METHOD_MATCH = YES;
				COPY_PHASE_STRIP = NO;
				DEBUG_INFORMATION_FORMAT = dwarf;
				ENABLE_STRICT_OBJC_MSGSEND = YES;
				ENABLE_TESTABILITY = YES;
				GCC_C_LANGUAGE_STANDARD = gnu11;
				GCC_DYNAMIC_NO_PIC = NO;
				GCC_NO_COMMON_BLOCKS = YES;
				GCC_OPTIMIZATION_LEVEL = 0;
				GCC_PREPROCESSOR_DEFINITIONS = (
					"DEBUG=1",
					"$(inherited)",
				);
				GCC_WARN_64_TO_32_BIT_CONVERSION = YES;
				GCC_WARN_ABOUT_RETURN_TYPE = YES_ERROR;
				GCC_WARN_UNDECLARED_SELECTOR = YES;
				GCC_WARN_UNINITIALIZED_AUTOS = YES_AGGRESSIVE;
				GCC_WARN_UNUSED_FUNCTION = YES;
				GCC_WARN_UNUSED_VARIABLE = YES;
				IPHONEOS_DEPLOYMENT_TARGET = 13.2;
				MTL_ENABLE_DEBUG_INFO = INCLUDE_SOURCE;
				MTL_FAST_MATH = YES;
				ONLY_ACTIVE_ARCH = YES;
				SDKROOT = iphoneos;
				SWIFT_ACTIVE_COMPILATION_CONDITIONS = DEBUG;
				SWIFT_OPTIMIZATION_LEVEL = "-Onone";
			};
			name = Debug;
		};
		FAEB742C24303E7300737875 /* Release */ = {
			isa = XCBuildConfiguration;
			buildSettings = {
				ALWAYS_SEARCH_USER_PATHS = NO;
				CLANG_ANALYZER_NONNULL = YES;
				CLANG_ANALYZER_NUMBER_OBJECT_CONVERSION = YES_AGGRESSIVE;
				CLANG_CXX_LANGUAGE_STANDARD = "gnu++14";
				CLANG_CXX_LIBRARY = "libc++";
				CLANG_ENABLE_MODULES = YES;
				CLANG_ENABLE_OBJC_ARC = YES;
				CLANG_ENABLE_OBJC_WEAK = YES;
				CLANG_WARN_BLOCK_CAPTURE_AUTORELEASING = YES;
				CLANG_WARN_BOOL_CONVERSION = YES;
				CLANG_WARN_COMMA = YES;
				CLANG_WARN_CONSTANT_CONVERSION = YES;
				CLANG_WARN_DEPRECATED_OBJC_IMPLEMENTATIONS = YES;
				CLANG_WARN_DIRECT_OBJC_ISA_USAGE = YES_ERROR;
				CLANG_WARN_DOCUMENTATION_COMMENTS = YES;
				CLANG_WARN_EMPTY_BODY = YES;
				CLANG_WARN_ENUM_CONVERSION = YES;
				CLANG_WARN_INFINITE_RECURSION = YES;
				CLANG_WARN_INT_CONVERSION = YES;
				CLANG_WARN_NON_LITERAL_NULL_CONVERSION = YES;
				CLANG_WARN_OBJC_IMPLICIT_RETAIN_SELF = YES;
				CLANG_WARN_OBJC_LITERAL_CONVERSION = YES;
				CLANG_WARN_OBJC_ROOT_CLASS = YES_ERROR;
				CLANG_WARN_RANGE_LOOP_ANALYSIS = YES;
				CLANG_WARN_STRICT_PROTOTYPES = YES;
				CLANG_WARN_SUSPICIOUS_MOVE = YES;
				CLANG_WARN_UNGUARDED_AVAILABILITY = YES_AGGRESSIVE;
				CLANG_WARN_UNREACHABLE_CODE = YES;
				CLANG_WARN__DUPLICATE_METHOD_MATCH = YES;
				COPY_PHASE_STRIP = NO;
				DEBUG_INFORMATION_FORMAT = "dwarf-with-dsym";
				ENABLE_NS_ASSERTIONS = NO;
				ENABLE_STRICT_OBJC_MSGSEND = YES;
				GCC_C_LANGUAGE_STANDARD = gnu11;
				GCC_NO_COMMON_BLOCKS = YES;
				GCC_WARN_64_TO_32_BIT_CONVERSION = YES;
				GCC_WARN_ABOUT_RETURN_TYPE = YES_ERROR;
				GCC_WARN_UNDECLARED_SELECTOR = YES;
				GCC_WARN_UNINITIALIZED_AUTOS = YES_AGGRESSIVE;
				GCC_WARN_UNUSED_FUNCTION = YES;
				GCC_WARN_UNUSED_VARIABLE = YES;
				IPHONEOS_DEPLOYMENT_TARGET = 13.2;
				MTL_ENABLE_DEBUG_INFO = NO;
				MTL_FAST_MATH = YES;
				SDKROOT = iphoneos;
				SWIFT_COMPILATION_MODE = wholemodule;
				SWIFT_OPTIMIZATION_LEVEL = "-O";
				VALIDATE_PRODUCT = YES;
			};
			name = Release;
		};
		FAEB742E24303E7300737875 /* Debug */ = {
			isa = XCBuildConfiguration;
			buildSettings = {
				ASSETCATALOG_COMPILER_APPICON_NAME = AppIcon;
				CODE_SIGN_STYLE = Automatic;
				DEVELOPMENT_TEAM = PNKYYEEMXB;
				INFOPLIST_FILE = ImageSearchApp/Info.plist;
				LD_RUNPATH_SEARCH_PATHS = (
					"$(inherited)",
					"@executable_path/Frameworks",
				);
				PRODUCT_BUNDLE_IDENTIFIER = com.enadun.ImageSearchApp;
				PRODUCT_NAME = "$(TARGET_NAME)";
				SWIFT_VERSION = 5.0;
				TARGETED_DEVICE_FAMILY = "1,2";
			};
			name = Debug;
		};
		FAEB742F24303E7300737875 /* Release */ = {
			isa = XCBuildConfiguration;
			buildSettings = {
				ASSETCATALOG_COMPILER_APPICON_NAME = AppIcon;
				CODE_SIGN_STYLE = Automatic;
				DEVELOPMENT_TEAM = PNKYYEEMXB;
				INFOPLIST_FILE = ImageSearchApp/Info.plist;
				LD_RUNPATH_SEARCH_PATHS = (
					"$(inherited)",
					"@executable_path/Frameworks",
				);
				PRODUCT_BUNDLE_IDENTIFIER = com.enadun.ImageSearchApp;
				PRODUCT_NAME = "$(TARGET_NAME)";
				SWIFT_VERSION = 5.0;
				TARGETED_DEVICE_FAMILY = "1,2";
			};
			name = Release;
		};
		FAEB743124303E7300737875 /* Debug */ = {
			isa = XCBuildConfiguration;
			buildSettings = {
				ALWAYS_EMBED_SWIFT_STANDARD_LIBRARIES = YES;
				BUNDLE_LOADER = "$(TEST_HOST)";
				CODE_SIGN_STYLE = Automatic;
				DEVELOPMENT_TEAM = PNKYYEEMXB;
				INFOPLIST_FILE = ImageSearchAppTests/Info.plist;
				IPHONEOS_DEPLOYMENT_TARGET = 13.2;
				LD_RUNPATH_SEARCH_PATHS = (
					"$(inherited)",
					"@executable_path/Frameworks",
					"@loader_path/Frameworks",
				);
				PRODUCT_BUNDLE_IDENTIFIER = com.enadun.ImageSearchAppTests;
				PRODUCT_NAME = "$(TARGET_NAME)";
				SWIFT_VERSION = 5.0;
				TARGETED_DEVICE_FAMILY = "1,2";
				TEST_HOST = "$(BUILT_PRODUCTS_DIR)/ImageSearchApp.app/ImageSearchApp";
			};
			name = Debug;
		};
		FAEB743224303E7300737875 /* Release */ = {
			isa = XCBuildConfiguration;
			buildSettings = {
				ALWAYS_EMBED_SWIFT_STANDARD_LIBRARIES = YES;
				BUNDLE_LOADER = "$(TEST_HOST)";
				CODE_SIGN_STYLE = Automatic;
				DEVELOPMENT_TEAM = PNKYYEEMXB;
				INFOPLIST_FILE = ImageSearchAppTests/Info.plist;
				IPHONEOS_DEPLOYMENT_TARGET = 13.2;
				LD_RUNPATH_SEARCH_PATHS = (
					"$(inherited)",
					"@executable_path/Frameworks",
					"@loader_path/Frameworks",
				);
				PRODUCT_BUNDLE_IDENTIFIER = com.enadun.ImageSearchAppTests;
				PRODUCT_NAME = "$(TARGET_NAME)";
				SWIFT_VERSION = 5.0;
				TARGETED_DEVICE_FAMILY = "1,2";
				TEST_HOST = "$(BUILT_PRODUCTS_DIR)/ImageSearchApp.app/ImageSearchApp";
			};
			name = Release;
		};
/* End XCBuildConfiguration section */

/* Begin XCConfigurationList section */
		FAEB740724303E7100737875 /* Build configuration list for PBXProject "ImageSearchApp" */ = {
			isa = XCConfigurationList;
			buildConfigurations = (
				FAEB742B24303E7300737875 /* Debug */,
				FAEB742C24303E7300737875 /* Release */,
			);
			defaultConfigurationIsVisible = 0;
			defaultConfigurationName = Release;
		};
		FAEB742D24303E7300737875 /* Build configuration list for PBXNativeTarget "ImageSearchApp" */ = {
			isa = XCConfigurationList;
			buildConfigurations = (
				FAEB742E24303E7300737875 /* Debug */,
				FAEB742F24303E7300737875 /* Release */,
			);
			defaultConfigurationIsVisible = 0;
			defaultConfigurationName = Release;
		};
		FAEB743024303E7300737875 /* Build configuration list for PBXNativeTarget "ImageSearchAppTests" */ = {
			isa = XCConfigurationList;
			buildConfigurations = (
				FAEB743124303E7300737875 /* Debug */,
				FAEB743224303E7300737875 /* Release */,
			);
			defaultConfigurationIsVisible = 0;
			defaultConfigurationName = Release;
		};
/* End XCConfigurationList section */
	};
	rootObject = FAEB740424303E7100737875 /* Project object */;
}
